<?xml version="1.0" encoding="utf-8"?>
<Project ToolsVersion="16.0" xmlns="http://schemas.microsoft.com/developer/msbuild/2003">
  <ItemGroup>
    <ClCompile Include="D:\semen\games\cocos2d-x_projects\CocoSnake\Classes\AppDelegate.cpp">
      <Filter>Source Files\Classes</Filter>
    </ClCompile>
    <ClCompile Include="D:\semen\games\cocos2d-x_projects\CocoSnake\proj.win32\main.cpp">
      <Filter>Source Files\proj.win32</Filter>
    </ClCompile>
    <ClCompile Include="D:\semen\games\cocos2d-x_projects\CocoSnake\cocos2d\cocos\precheader.cpp">
      <Filter>Source Files</Filter>
    </ClCompile>
    <ClCompile Include="Classes\GameLevel.cpp">
      <Filter>Source Files\Classes</Filter>
    </ClCompile>
    <ClCompile Include="Classes\GameMenuLayer.cpp">
      <Filter>Source Files\Classes</Filter>
    </ClCompile>
    <ClCompile Include="Classes\GameScene.cpp">
      <Filter>Source Files\Classes</Filter>
    </ClCompile>
    <ClCompile Include="Classes\MainMenuScene.cpp">
      <Filter>Source Files\Classes</Filter>
    </ClCompile>
    <ClCompile Include="Classes\SplashScene.cpp">
      <Filter>Source Files\Classes</Filter>
    </ClCompile>
    <ClCompile Include="Classes\DirectedSprite.cpp">
      <Filter>Source Files\Classes</Filter>
    </ClCompile>
    <ClCompile Include="Classes\Snake.cpp">
      <Filter>Source Files\Classes</Filter>
    </ClCompile>
    <ClCompile Include="Classes\GameGrid.cpp">
      <Filter>Source Files\Classes</Filter>
    </ClCompile>
    <ClCompile Include="Classes\Food.cpp">
      <Filter>Source Files\Classes</Filter>
    </ClCompile>
  </ItemGroup>
  <ItemGroup>
    <ClInclude Include="D:\semen\games\cocos2d-x_projects\CocoSnake\Classes\AppDelegate.h">
      <Filter>Source Files\Classes</Filter>
    </ClInclude>
    <ClInclude Include="D:\semen\games\cocos2d-x_projects\CocoSnake\proj.win32\main.h">
      <Filter>Source Files\proj.win32</Filter>
    </ClInclude>
    <ClInclude Include="D:\semen\games\cocos2d-x_projects\CocoSnake\proj.win32\resource.h">
      <Filter>Source Files\proj.win32</Filter>
    </ClInclude>
    <ClInclude Include="D:\semen\games\cocos2d-x_projects\CocoSnake\Resources\CloseNormal.png">
      <Filter>Resources</Filter>
    </ClInclude>
    <ClInclude Include="D:\semen\games\cocos2d-x_projects\CocoSnake\Resources\CloseSelected.png">
      <Filter>Resources</Filter>
    </ClInclude>
    <ClInclude Include="D:\semen\games\cocos2d-x_projects\CocoSnake\Resources\HelloWorld.png">
      <Filter>Resources</Filter>
    </ClInclude>
    <ClInclude Include="D:\semen\games\cocos2d-x_projects\CocoSnake\Resources\fonts\Marker Felt.ttf">
      <Filter>Resources\fonts</Filter>
    </ClInclude>
    <ClInclude Include="D:\semen\games\cocos2d-x_projects\CocoSnake\Resources\fonts\arial.ttf">
      <Filter>Resources\fonts</Filter>
    </ClInclude>
    <ClInclude Include="D:\semen\games\cocos2d-x_projects\CocoSnake\Resources\res\.gitkeep">
      <Filter>Resources\res</Filter>
    </ClInclude>
    <ClInclude Include="Classes\CCHelpers.h">
      <Filter>Source Files\Classes</Filter>
    </ClInclude>
    <ClInclude Include="Classes\GameLevel.h">
      <Filter>Source Files\Classes</Filter>
    </ClInclude>
    <ClInclude Include="Classes\GameMenuLayer.h">
      <Filter>Source Files\Classes</Filter>
    </ClInclude>
    <ClInclude Include="Classes\GameScene.h">
      <Filter>Source Files\Classes</Filter>
    </ClInclude>
    <ClInclude Include="Classes\MainMenuScene.h">
      <Filter>Source Files\Classes</Filter>
    </ClInclude>
    <ClInclude Include="Classes\SplashScene.h">
      <Filter>Source Files\Classes</Filter>
    </ClInclude>
    <ClInclude Include="Classes\DirectedSprite.h">
      <Filter>Source Files\Classes</Filter>
    </ClInclude>
    <ClInclude Include="Classes\Snake.h">
      <Filter>Source Files\Classes</Filter>
    </ClInclude>
    <ClInclude Include="Classes\Snake_fwd.h">
      <Filter>Source Files\Classes</Filter>
    </ClInclude>
    <ClInclude Include="Classes\GameGrid.h">
      <Filter>Source Files\Classes</Filter>
    </ClInclude>
    <ClInclude Include="Classes\Snake_types.h">
      <Filter>Source Files\Classes</Filter>
    </ClInclude>
    <ClInclude Include="Classes\Food.h">
      <Filter>Source Files\Classes</Filter>
    </ClInclude>
  </ItemGroup>
  <ItemGroup>
    <CustomBuild Include="D:\semen\games\cocos2d-x_projects\CocoSnake\CMakeLists.txt" />
  </ItemGroup>
  <ItemGroup>
    <ResourceCompile Include="D:\semen\games\cocos2d-x_projects\CocoSnake\proj.win32\game.rc">
      <Filter>Source Files\proj.win32</Filter>
    </ResourceCompile>
  </ItemGroup>
  <ItemGroup>
    <Filter Include="Resources">
      <UniqueIdentifier>{D4DDD852-AF2D-326B-8E9A-3183C7E56F93}</UniqueIdentifier>
    </Filter>
    <Filter Include="Resources\fonts">
      <UniqueIdentifier>{DDE7B74C-E28E-38FF-A9C8-909C7351E77E}</UniqueIdentifier>
    </Filter>
    <Filter Include="Resources\res">
      <UniqueIdentifier>{12D18F36-9862-3944-A27C-A8869791462C}</UniqueIdentifier>
    </Filter>
    <Filter Include="Source Files">
      <UniqueIdentifier>{E927B5FA-3EF0-3E7D-8717-162012961DAE}</UniqueIdentifier>
    </Filter>
    <Filter Include="Source Files\Classes">
      <UniqueIdentifier>{4F851C3F-5751-3EF2-937F-031959150AD8}</UniqueIdentifier>
    </Filter>
    <Filter Include="Source Files\proj.win32">
      <UniqueIdentifier>{D93FA9A3-2596-3D15-81EF-A340BFCCE708}</UniqueIdentifier>
    </Filter>
  </ItemGroup>
  <ItemGroup>
    <Image Include="Resources\apple.png">
      <Filter>Resources</Filter>
    </Image>
    <Image Include="Resources\HD\snake.png">
      <Filter>Resources</Filter>
    </Image>
  </ItemGroup>
  <ItemGroup>
    <None Include="Resources\HD\snake.plist">
      <Filter>Resources</Filter>
    </None>
  </ItemGroup>
</Project>