
Microsoft Visual Studio Solution File, Format Version 12.00
# Visual Studio Version 16
VisualStudioVersion = 16.0.30804.86
MinimumVisualStudioVersion = 10.0.40219.1
Project("{2150E333-8FDC-42A3-9474-1A3956D46DE8}") = "CMakePredefinedTargets", "CMakePredefinedTargets", "{EE5D63C7-BEC2-3E03-A54C-F215C18B83BC}"
EndProject
Project("{2150E333-8FDC-42A3-9474-1A3956D46DE8}") = "External", "External", "{4AF1677C-940F-33FD-8478-09FAACC47962}"
EndProject
Project("{2150E333-8FDC-42A3-9474-1A3956D46DE8}") = "Internal", "Internal", "{6E0D77CB-5473-3CD4-89FB-628BDEFA716F}"
EndProject
Project("{2150E333-8FDC-42A3-9474-1A3956D46DE8}") = "Utils", "Utils", "{10F1BCA7-1E92-3C4B-BC26-7825853F4945}"
EndProject
Project("{8BC9CEB8-8B4A-11D0-8D11-00A0C91BC942}") = "ALL_BUILD", "ALL_BUILD.vcxproj", "{53CA6080-E0B9-30AA-9413-5C9F95AB8EE5}"
	ProjectSection(ProjectDependencies) = postProject
		{2EA199DD-13F6-359F-9A0A-8EF509215EC1} = {2EA199DD-13F6-359F-9A0A-8EF509215EC1}
		{F0B03C6B-AB22-3E2C-80DE-AEFF86899802} = {F0B03C6B-AB22-3E2C-80DE-AEFF86899802}
		{06E49E6E-94C4-3523-A3A9-7DFC892F3695} = {06E49E6E-94C4-3523-A3A9-7DFC892F3695}
		{D59FBA30-C6C5-3BF1-A465-843FA9F1BE47} = {D59FBA30-C6C5-3BF1-A465-843FA9F1BE47}
		{11C66532-69AA-3B61-BC04-320E15D0AF42} = {11C66532-69AA-3B61-BC04-320E15D0AF42}
		{0BC54273-2DB5-3748-B89D-675F1D957E9C} = {0BC54273-2DB5-3748-B89D-675F1D957E9C}
		{49B198AE-633F-3DFD-B8EA-1D63FF6C874B} = {49B198AE-633F-3DFD-B8EA-1D63FF6C874B}
		{F14D60AC-B3FD-3BBF-925C-366C73CA6667} = {F14D60AC-B3FD-3BBF-925C-366C73CA6667}
		{EC4D3986-D5B6-31A5-8C33-B3954D2DDB5E} = {EC4D3986-D5B6-31A5-8C33-B3954D2DDB5E}
		{9F00401A-8941-3490-A5DF-194BC5E9B757} = {9F00401A-8941-3490-A5DF-194BC5E9B757}
		{5D0998D1-D3BD-39B3-ADDB-C3259BD65EAC} = {5D0998D1-D3BD-39B3-ADDB-C3259BD65EAC}
		{1C7B66B4-875F-31F5-9A5B-4840A9B7E049} = {1C7B66B4-875F-31F5-9A5B-4840A9B7E049}
		{D7BF1D94-C866-34FD-B470-0CD4912CCF14} = {D7BF1D94-C866-34FD-B470-0CD4912CCF14}
		{FB029E33-8ED0-3E29-81CA-86D0CDE57F61} = {FB029E33-8ED0-3E29-81CA-86D0CDE57F61}
		{BC6A25E9-9B48-35CA-8D8B-1397CAF37E1A} = {BC6A25E9-9B48-35CA-8D8B-1397CAF37E1A}
	EndProjectSection
EndProject
Project("{8BC9CEB8-8B4A-11D0-8D11-00A0C91BC942}") = "CocoSnake", "CocoSnake.vcxproj", "{2EA199DD-13F6-359F-9A0A-8EF509215EC1}"
	ProjectSection(ProjectDependencies) = postProject
		{F0B03C6B-AB22-3E2C-80DE-AEFF86899802} = {F0B03C6B-AB22-3E2C-80DE-AEFF86899802}
		{06E49E6E-94C4-3523-A3A9-7DFC892F3695} = {06E49E6E-94C4-3523-A3A9-7DFC892F3695}
		{D59FBA30-C6C5-3BF1-A465-843FA9F1BE47} = {D59FBA30-C6C5-3BF1-A465-843FA9F1BE47}
		{11C66532-69AA-3B61-BC04-320E15D0AF42} = {11C66532-69AA-3B61-BC04-320E15D0AF42}
		{0BC54273-2DB5-3748-B89D-675F1D957E9C} = {0BC54273-2DB5-3748-B89D-675F1D957E9C}
		{49B198AE-633F-3DFD-B8EA-1D63FF6C874B} = {49B198AE-633F-3DFD-B8EA-1D63FF6C874B}
		{F14D60AC-B3FD-3BBF-925C-366C73CA6667} = {F14D60AC-B3FD-3BBF-925C-366C73CA6667}
		{EC4D3986-D5B6-31A5-8C33-B3954D2DDB5E} = {EC4D3986-D5B6-31A5-8C33-B3954D2DDB5E}
		{9F00401A-8941-3490-A5DF-194BC5E9B757} = {9F00401A-8941-3490-A5DF-194BC5E9B757}
		{5D0998D1-D3BD-39B3-ADDB-C3259BD65EAC} = {5D0998D1-D3BD-39B3-ADDB-C3259BD65EAC}
		{1C7B66B4-875F-31F5-9A5B-4840A9B7E049} = {1C7B66B4-875F-31F5-9A5B-4840A9B7E049}
		{D7BF1D94-C866-34FD-B470-0CD4912CCF14} = {D7BF1D94-C866-34FD-B470-0CD4912CCF14}
		{FB029E33-8ED0-3E29-81CA-86D0CDE57F61} = {FB029E33-8ED0-3E29-81CA-86D0CDE57F61}
		{BC6A25E9-9B48-35CA-8D8B-1397CAF37E1A} = {BC6A25E9-9B48-35CA-8D8B-1397CAF37E1A}
	EndProjectSection
EndProject
Project("{8BC9CEB8-8B4A-11D0-8D11-00A0C91BC942}") = "SYNC_RESOURCE-CocoSnake", "SYNC_RESOURCE-CocoSnake.vcxproj", "{F0B03C6B-AB22-3E2C-80DE-AEFF86899802}"
	ProjectSection(ProjectDependencies) = postProject
		{06E49E6E-94C4-3523-A3A9-7DFC892F3695} = {06E49E6E-94C4-3523-A3A9-7DFC892F3695}
	EndProjectSection
EndProject
Project("{8BC9CEB8-8B4A-11D0-8D11-00A0C91BC942}") = "ZERO_CHECK", "ZERO_CHECK.vcxproj", "{06E49E6E-94C4-3523-A3A9-7DFC892F3695}"
EndProject
Project("{8BC9CEB8-8B4A-11D0-8D11-00A0C91BC942}") = "cocos2d", "engine\cocos\core\cocos2d.vcxproj", "{D59FBA30-C6C5-3BF1-A465-843FA9F1BE47}"
	ProjectSection(ProjectDependencies) = postProject
		{06E49E6E-94C4-3523-A3A9-7DFC892F3695} = {06E49E6E-94C4-3523-A3A9-7DFC892F3695}
		{11C66532-69AA-3B61-BC04-320E15D0AF42} = {11C66532-69AA-3B61-BC04-320E15D0AF42}
		{0BC54273-2DB5-3748-B89D-675F1D957E9C} = {0BC54273-2DB5-3748-B89D-675F1D957E9C}
		{49B198AE-633F-3DFD-B8EA-1D63FF6C874B} = {49B198AE-633F-3DFD-B8EA-1D63FF6C874B}
		{F14D60AC-B3FD-3BBF-925C-366C73CA6667} = {F14D60AC-B3FD-3BBF-925C-366C73CA6667}
		{EC4D3986-D5B6-31A5-8C33-B3954D2DDB5E} = {EC4D3986-D5B6-31A5-8C33-B3954D2DDB5E}
		{9F00401A-8941-3490-A5DF-194BC5E9B757} = {9F00401A-8941-3490-A5DF-194BC5E9B757}
		{5D0998D1-D3BD-39B3-ADDB-C3259BD65EAC} = {5D0998D1-D3BD-39B3-ADDB-C3259BD65EAC}
		{1C7B66B4-875F-31F5-9A5B-4840A9B7E049} = {1C7B66B4-875F-31F5-9A5B-4840A9B7E049}
		{D7BF1D94-C866-34FD-B470-0CD4912CCF14} = {D7BF1D94-C866-34FD-B470-0CD4912CCF14}
		{FB029E33-8ED0-3E29-81CA-86D0CDE57F61} = {FB029E33-8ED0-3E29-81CA-86D0CDE57F61}
		{BC6A25E9-9B48-35CA-8D8B-1397CAF37E1A} = {BC6A25E9-9B48-35CA-8D8B-1397CAF37E1A}
	EndProjectSection
EndProject
Project("{8BC9CEB8-8B4A-11D0-8D11-00A0C91BC942}") = "ext_clipper", "engine\external\clipper\ext_clipper.vcxproj", "{11C66532-69AA-3B61-BC04-320E15D0AF42}"
	ProjectSection(ProjectDependencies) = postProject
		{06E49E6E-94C4-3523-A3A9-7DFC892F3695} = {06E49E6E-94C4-3523-A3A9-7DFC892F3695}
	EndProjectSection
EndProject
Project("{8BC9CEB8-8B4A-11D0-8D11-00A0C91BC942}") = "ext_convertUTF", "engine\external\ConvertUTF\ext_convertUTF.vcxproj", "{0BC54273-2DB5-3748-B89D-675F1D957E9C}"
	ProjectSection(ProjectDependencies) = postProject
		{06E49E6E-94C4-3523-A3A9-7DFC892F3695} = {06E49E6E-94C4-3523-A3A9-7DFC892F3695}
	EndProjectSection
EndProject
Project("{8BC9CEB8-8B4A-11D0-8D11-00A0C91BC942}") = "ext_edtaa3func", "engine\external\edtaa3func\ext_edtaa3func.vcxproj", "{49B198AE-633F-3DFD-B8EA-1D63FF6C874B}"
	ProjectSection(ProjectDependencies) = postProject
		{06E49E6E-94C4-3523-A3A9-7DFC892F3695} = {06E49E6E-94C4-3523-A3A9-7DFC892F3695}
	EndProjectSection
EndProject
Project("{8BC9CEB8-8B4A-11D0-8D11-00A0C91BC942}") = "ext_md5", "engine\external\md5\ext_md5.vcxproj", "{F14D60AC-B3FD-3BBF-925C-366C73CA6667}"
	ProjectSection(ProjectDependencies) = postProject
		{06E49E6E-94C4-3523-A3A9-7DFC892F3695} = {06E49E6E-94C4-3523-A3A9-7DFC892F3695}
	EndProjectSection
EndProject
Project("{8BC9CEB8-8B4A-11D0-8D11-00A0C91BC942}") = "ext_poly2tri", "engine\external\poly2tri\ext_poly2tri.vcxproj", "{EC4D3986-D5B6-31A5-8C33-B3954D2DDB5E}"
	ProjectSection(ProjectDependencies) = postProject
		{06E49E6E-94C4-3523-A3A9-7DFC892F3695} = {06E49E6E-94C4-3523-A3A9-7DFC892F3695}
	EndProjectSection
EndProject
Project("{8BC9CEB8-8B4A-11D0-8D11-00A0C91BC942}") = "ext_recast", "engine\external\recast\ext_recast.vcxproj", "{9F00401A-8941-3490-A5DF-194BC5E9B757}"
	ProjectSection(ProjectDependencies) = postProject
		{06E49E6E-94C4-3523-A3A9-7DFC892F3695} = {06E49E6E-94C4-3523-A3A9-7DFC892F3695}
	EndProjectSection
EndProject
Project("{8BC9CEB8-8B4A-11D0-8D11-00A0C91BC942}") = "ext_tinyxml2", "engine\external\tinyxml2\ext_tinyxml2.vcxproj", "{5D0998D1-D3BD-39B3-ADDB-C3259BD65EAC}"
	ProjectSection(ProjectDependencies) = postProject
		{06E49E6E-94C4-3523-A3A9-7DFC892F3695} = {06E49E6E-94C4-3523-A3A9-7DFC892F3695}
	EndProjectSection
EndProject
Project("{8BC9CEB8-8B4A-11D0-8D11-00A0C91BC942}") = "ext_unzip", "engine\external\unzip\ext_unzip.vcxproj", "{1C7B66B4-875F-31F5-9A5B-4840A9B7E049}"
	ProjectSection(ProjectDependencies) = postProject
		{06E49E6E-94C4-3523-A3A9-7DFC892F3695} = {06E49E6E-94C4-3523-A3A9-7DFC892F3695}
	EndProjectSection
EndProject
Project("{8BC9CEB8-8B4A-11D0-8D11-00A0C91BC942}") = "ext_xxhash", "engine\external\xxhash\ext_xxhash.vcxproj", "{D7BF1D94-C866-34FD-B470-0CD4912CCF14}"
	ProjectSection(ProjectDependencies) = postProject
		{06E49E6E-94C4-3523-A3A9-7DFC892F3695} = {06E49E6E-94C4-3523-A3A9-7DFC892F3695}
	EndProjectSection
EndProject
Project("{8BC9CEB8-8B4A-11D0-8D11-00A0C91BC942}") = "ext_xxtea", "engine\external\xxtea\ext_xxtea.vcxproj", "{FB029E33-8ED0-3E29-81CA-86D0CDE57F61}"
	ProjectSection(ProjectDependencies) = postProject
		{06E49E6E-94C4-3523-A3A9-7DFC892F3695} = {06E49E6E-94C4-3523-A3A9-7DFC892F3695}
	EndProjectSection
EndProject
Project("{8BC9CEB8-8B4A-11D0-8D11-00A0C91BC942}") = "external", "engine\external\external.vcxproj", "{BC6A25E9-9B48-35CA-8D8B-1397CAF37E1A}"
	ProjectSection(ProjectDependencies) = postProject
		{06E49E6E-94C4-3523-A3A9-7DFC892F3695} = {06E49E6E-94C4-3523-A3A9-7DFC892F3695}
		{11C66532-69AA-3B61-BC04-320E15D0AF42} = {11C66532-69AA-3B61-BC04-320E15D0AF42}
		{0BC54273-2DB5-3748-B89D-675F1D957E9C} = {0BC54273-2DB5-3748-B89D-675F1D957E9C}
		{49B198AE-633F-3DFD-B8EA-1D63FF6C874B} = {49B198AE-633F-3DFD-B8EA-1D63FF6C874B}
		{F14D60AC-B3FD-3BBF-925C-366C73CA6667} = {F14D60AC-B3FD-3BBF-925C-366C73CA6667}
		{EC4D3986-D5B6-31A5-8C33-B3954D2DDB5E} = {EC4D3986-D5B6-31A5-8C33-B3954D2DDB5E}
		{9F00401A-8941-3490-A5DF-194BC5E9B757} = {9F00401A-8941-3490-A5DF-194BC5E9B757}
		{5D0998D1-D3BD-39B3-ADDB-C3259BD65EAC} = {5D0998D1-D3BD-39B3-ADDB-C3259BD65EAC}
		{1C7B66B4-875F-31F5-9A5B-4840A9B7E049} = {1C7B66B4-875F-31F5-9A5B-4840A9B7E049}
		{D7BF1D94-C866-34FD-B470-0CD4912CCF14} = {D7BF1D94-C866-34FD-B470-0CD4912CCF14}
		{FB029E33-8ED0-3E29-81CA-86D0CDE57F61} = {FB029E33-8ED0-3E29-81CA-86D0CDE57F61}
	EndProjectSection
EndProject
Project("{54435603-DBB4-11D2-8724-00A0C9A8B90C}") = "CocoSnakeSetup", "CocoSnakeSetup\CocoSnakeSetup.vdproj", "{E4E246D1-B230-492E-A03B-2C08319A511D}"
EndProject
Global
	GlobalSection(SolutionConfigurationPlatforms) = preSolution
		Debug|Win32 = Debug|Win32
		MinSizeRel|Win32 = MinSizeRel|Win32
		Release|Win32 = Release|Win32
		RelWithDebInfo|Win32 = RelWithDebInfo|Win32
	EndGlobalSection
	GlobalSection(ProjectConfigurationPlatforms) = postSolution
		{53CA6080-E0B9-30AA-9413-5C9F95AB8EE5}.Debug|Win32.ActiveCfg = Debug|Win32
		{53CA6080-E0B9-30AA-9413-5C9F95AB8EE5}.MinSizeRel|Win32.ActiveCfg = MinSizeRel|Win32
		{53CA6080-E0B9-30AA-9413-5C9F95AB8EE5}.Release|Win32.ActiveCfg = Release|Win32
		{53CA6080-E0B9-30AA-9413-5C9F95AB8EE5}.RelWithDebInfo|Win32.ActiveCfg = RelWithDebInfo|Win32
		{2EA199DD-13F6-359F-9A0A-8EF509215EC1}.Debug|Win32.ActiveCfg = Debug|Win32
		{2EA199DD-13F6-359F-9A0A-8EF509215EC1}.Debug|Win32.Build.0 = Debug|Win32
		{2EA199DD-13F6-359F-9A0A-8EF509215EC1}.MinSizeRel|Win32.ActiveCfg = MinSizeRel|Win32
		{2EA199DD-13F6-359F-9A0A-8EF509215EC1}.MinSizeRel|Win32.Build.0 = MinSizeRel|Win32
		{2EA199DD-13F6-359F-9A0A-8EF509215EC1}.Release|Win32.ActiveCfg = Release|Win32
		{2EA199DD-13F6-359F-9A0A-8EF509215EC1}.Release|Win32.Build.0 = Release|Win32
		{2EA199DD-13F6-359F-9A0A-8EF509215EC1}.RelWithDebInfo|Win32.ActiveCfg = RelWithDebInfo|Win32
		{2EA199DD-13F6-359F-9A0A-8EF509215EC1}.RelWithDebInfo|Win32.Build.0 = RelWithDebInfo|Win32
		{F0B03C6B-AB22-3E2C-80DE-AEFF86899802}.Debug|Win32.ActiveCfg = Debug|Win32
		{F0B03C6B-AB22-3E2C-80DE-AEFF86899802}.Debug|Win32.Build.0 = Debug|Win32
		{F0B03C6B-AB22-3E2C-80DE-AEFF86899802}.MinSizeRel|Win32.ActiveCfg = MinSizeRel|Win32
		{F0B03C6B-AB22-3E2C-80DE-AEFF86899802}.MinSizeRel|Win32.Build.0 = MinSizeRel|Win32
		{F0B03C6B-AB22-3E2C-80DE-AEFF86899802}.Release|Win32.ActiveCfg = Release|Win32
		{F0B03C6B-AB22-3E2C-80DE-AEFF86899802}.Release|Win32.Build.0 = Release|Win32
		{F0B03C6B-AB22-3E2C-80DE-AEFF86899802}.RelWithDebInfo|Win32.ActiveCfg = RelWithDebInfo|Win32
		{F0B03C6B-AB22-3E2C-80DE-AEFF86899802}.RelWithDebInfo|Win32.Build.0 = RelWithDebInfo|Win32
		{06E49E6E-94C4-3523-A3A9-7DFC892F3695}.Debug|Win32.ActiveCfg = Debug|Win32
		{06E49E6E-94C4-3523-A3A9-7DFC892F3695}.Debug|Win32.Build.0 = Debug|Win32
		{06E49E6E-94C4-3523-A3A9-7DFC892F3695}.MinSizeRel|Win32.ActiveCfg = MinSizeRel|Win32
		{06E49E6E-94C4-3523-A3A9-7DFC892F3695}.MinSizeRel|Win32.Build.0 = MinSizeRel|Win32
		{06E49E6E-94C4-3523-A3A9-7DFC892F3695}.Release|Win32.ActiveCfg = Release|Win32
		{06E49E6E-94C4-3523-A3A9-7DFC892F3695}.Release|Win32.Build.0 = Release|Win32
		{06E49E6E-94C4-3523-A3A9-7DFC892F3695}.RelWithDebInfo|Win32.ActiveCfg = RelWithDebInfo|Win32
		{06E49E6E-94C4-3523-A3A9-7DFC892F3695}.RelWithDebInfo|Win32.Build.0 = RelWithDebInfo|Win32
		{D59FBA30-C6C5-3BF1-A465-843FA9F1BE47}.Debug|Win32.ActiveCfg = Debug|Win32
		{D59FBA30-C6C5-3BF1-A465-843FA9F1BE47}.Debug|Win32.Build.0 = Debug|Win32
		{D59FBA30-C6C5-3BF1-A465-843FA9F1BE47}.MinSizeRel|Win32.ActiveCfg = MinSizeRel|Win32
		{D59FBA30-C6C5-3BF1-A465-843FA9F1BE47}.MinSizeRel|Win32.Build.0 = MinSizeRel|Win32
		{D59FBA30-C6C5-3BF1-A465-843FA9F1BE47}.Release|Win32.ActiveCfg = Release|Win32
		{D59FBA30-C6C5-3BF1-A465-843FA9F1BE47}.Release|Win32.Build.0 = Release|Win32
		{D59FBA30-C6C5-3BF1-A465-843FA9F1BE47}.RelWithDebInfo|Win32.ActiveCfg = RelWithDebInfo|Win32
		{D59FBA30-C6C5-3BF1-A465-843FA9F1BE47}.RelWithDebInfo|Win32.Build.0 = RelWithDebInfo|Win32
		{11C66532-69AA-3B61-BC04-320E15D0AF42}.Debug|Win32.ActiveCfg = Debug|Win32
		{11C66532-69AA-3B61-BC04-320E15D0AF42}.Debug|Win32.Build.0 = Debug|Win32
		{11C66532-69AA-3B61-BC04-320E15D0AF42}.MinSizeRel|Win32.ActiveCfg = MinSizeRel|Win32
		{11C66532-69AA-3B61-BC04-320E15D0AF42}.MinSizeRel|Win32.Build.0 = MinSizeRel|Win32
		{11C66532-69AA-3B61-BC04-320E15D0AF42}.Release|Win32.ActiveCfg = Release|Win32
		{11C66532-69AA-3B61-BC04-320E15D0AF42}.Release|Win32.Build.0 = Release|Win32
		{11C66532-69AA-3B61-BC04-320E15D0AF42}.RelWithDebInfo|Win32.ActiveCfg = RelWithDebInfo|Win32
		{11C66532-69AA-3B61-BC04-320E15D0AF42}.RelWithDebInfo|Win32.Build.0 = RelWithDebInfo|Win32
		{0BC54273-2DB5-3748-B89D-675F1D957E9C}.Debug|Win32.ActiveCfg = Debug|Win32
		{0BC54273-2DB5-3748-B89D-675F1D957E9C}.Debug|Win32.Build.0 = Debug|Win32
		{0BC54273-2DB5-3748-B89D-675F1D957E9C}.MinSizeRel|Win32.ActiveCfg = MinSizeRel|Win32
		{0BC54273-2DB5-3748-B89D-675F1D957E9C}.MinSizeRel|Win32.Build.0 = MinSizeRel|Win32
		{0BC54273-2DB5-3748-B89D-675F1D957E9C}.Release|Win32.ActiveCfg = Release|Win32
		{0BC54273-2DB5-3748-B89D-675F1D957E9C}.Release|Win32.Build.0 = Release|Win32
		{0BC54273-2DB5-3748-B89D-675F1D957E9C}.RelWithDebInfo|Win32.ActiveCfg = RelWithDebInfo|Win32
		{0BC54273-2DB5-3748-B89D-675F1D957E9C}.RelWithDebInfo|Win32.Build.0 = RelWithDebInfo|Win32
		{49B198AE-633F-3DFD-B8EA-1D63FF6C874B}.Debug|Win32.ActiveCfg = Debug|Win32
		{49B198AE-633F-3DFD-B8EA-1D63FF6C874B}.Debug|Win32.Build.0 = Debug|Win32
		{49B198AE-633F-3DFD-B8EA-1D63FF6C874B}.MinSizeRel|Win32.ActiveCfg = MinSizeRel|Win32
		{49B198AE-633F-3DFD-B8EA-1D63FF6C874B}.MinSizeRel|Win32.Build.0 = MinSizeRel|Win32
		{49B198AE-633F-3DFD-B8EA-1D63FF6C874B}.Release|Win32.ActiveCfg = Release|Win32
		{49B198AE-633F-3DFD-B8EA-1D63FF6C874B}.Release|Win32.Build.0 = Release|Win32
		{49B198AE-633F-3DFD-B8EA-1D63FF6C874B}.RelWithDebInfo|Win32.ActiveCfg = RelWithDebInfo|Win32
		{49B198AE-633F-3DFD-B8EA-1D63FF6C874B}.RelWithDebInfo|Win32.Build.0 = RelWithDebInfo|Win32
		{F14D60AC-B3FD-3BBF-925C-366C73CA6667}.Debug|Win32.ActiveCfg = Debug|Win32
		{F14D60AC-B3FD-3BBF-925C-366C73CA6667}.Debug|Win32.Build.0 = Debug|Win32
		{F14D60AC-B3FD-3BBF-925C-366C73CA6667}.MinSizeRel|Win32.ActiveCfg = MinSizeRel|Win32
		{F14D60AC-B3FD-3BBF-925C-366C73CA6667}.MinSizeRel|Win32.Build.0 = MinSizeRel|Win32
		{F14D60AC-B3FD-3BBF-925C-366C73CA6667}.Release|Win32.ActiveCfg = Release|Win32
		{F14D60AC-B3FD-3BBF-925C-366C73CA6667}.Release|Win32.Build.0 = Release|Win32
		{F14D60AC-B3FD-3BBF-925C-366C73CA6667}.RelWithDebInfo|Win32.ActiveCfg = RelWithDebInfo|Win32
		{F14D60AC-B3FD-3BBF-925C-366C73CA6667}.RelWithDebInfo|Win32.Build.0 = RelWithDebInfo|Win32
		{EC4D3986-D5B6-31A5-8C33-B3954D2DDB5E}.Debug|Win32.ActiveCfg = Debug|Win32
		{EC4D3986-D5B6-31A5-8C33-B3954D2DDB5E}.Debug|Win32.Build.0 = Debug|Win32
		{EC4D3986-D5B6-31A5-8C33-B3954D2DDB5E}.MinSizeRel|Win32.ActiveCfg = MinSizeRel|Win32
		{EC4D3986-D5B6-31A5-8C33-B3954D2DDB5E}.MinSizeRel|Win32.Build.0 = MinSizeRel|Win32
		{EC4D3986-D5B6-31A5-8C33-B3954D2DDB5E}.Release|Win32.ActiveCfg = Release|Win32
		{EC4D3986-D5B6-31A5-8C33-B3954D2DDB5E}.Release|Win32.Build.0 = Release|Win32
		{EC4D3986-D5B6-31A5-8C33-B3954D2DDB5E}.RelWithDebInfo|Win32.ActiveCfg = RelWithDebInfo|Win32
		{EC4D3986-D5B6-31A5-8C33-B3954D2DDB5E}.RelWithDebInfo|Win32.Build.0 = RelWithDebInfo|Win32
		{9F00401A-8941-3490-A5DF-194BC5E9B757}.Debug|Win32.ActiveCfg = Debug|Win32
		{9F00401A-8941-3490-A5DF-194BC5E9B757}.Debug|Win32.Build.0 = Debug|Win32
		{9F00401A-8941-3490-A5DF-194BC5E9B757}.MinSizeRel|Win32.ActiveCfg = MinSizeRel|Win32
		{9F00401A-8941-3490-A5DF-194BC5E9B757}.MinSizeRel|Win32.Build.0 = MinSizeRel|Win32
		{9F00401A-8941-3490-A5DF-194BC5E9B757}.Release|Win32.ActiveCfg = Release|Win32
		{9F00401A-8941-3490-A5DF-194BC5E9B757}.Release|Win32.Build.0 = Release|Win32
		{9F00401A-8941-3490-A5DF-194BC5E9B757}.RelWithDebInfo|Win32.ActiveCfg = RelWithDebInfo|Win32
		{9F00401A-8941-3490-A5DF-194BC5E9B757}.RelWithDebInfo|Win32.Build.0 = RelWithDebInfo|Win32
		{5D0998D1-D3BD-39B3-ADDB-C3259BD65EAC}.Debug|Win32.ActiveCfg = Debug|Win32
		{5D0998D1-D3BD-39B3-ADDB-C3259BD65EAC}.Debug|Win32.Build.0 = Debug|Win32
		{5D0998D1-D3BD-39B3-ADDB-C3259BD65EAC}.MinSizeRel|Win32.ActiveCfg = MinSizeRel|Win32
		{5D0998D1-D3BD-39B3-ADDB-C3259BD65EAC}.MinSizeRel|Win32.Build.0 = MinSizeRel|Win32
		{5D0998D1-D3BD-39B3-ADDB-C3259BD65EAC}.Release|Win32.ActiveCfg = Release|Win32
		{5D0998D1-D3BD-39B3-ADDB-C3259BD65EAC}.Release|Win32.Build.0 = Release|Win32
		{5D0998D1-D3BD-39B3-ADDB-C3259BD65EAC}.RelWithDebInfo|Win32.ActiveCfg = RelWithDebInfo|Win32
		{5D0998D1-D3BD-39B3-ADDB-C3259BD65EAC}.RelWithDebInfo|Win32.Build.0 = RelWithDebInfo|Win32
		{1C7B66B4-875F-31F5-9A5B-4840A9B7E049}.Debug|Win32.ActiveCfg = Debug|Win32
		{1C7B66B4-875F-31F5-9A5B-4840A9B7E049}.Debug|Win32.Build.0 = Debug|Win32
		{1C7B66B4-875F-31F5-9A5B-4840A9B7E049}.MinSizeRel|Win32.ActiveCfg = MinSizeRel|Win32
		{1C7B66B4-875F-31F5-9A5B-4840A9B7E049}.MinSizeRel|Win32.Build.0 = MinSizeRel|Win32
		{1C7B66B4-875F-31F5-9A5B-4840A9B7E049}.Release|Win32.ActiveCfg = Release|Win32
		{1C7B66B4-875F-31F5-9A5B-4840A9B7E049}.Release|Win32.Build.0 = Release|Win32
		{1C7B66B4-875F-31F5-9A5B-4840A9B7E049}.RelWithDebInfo|Win32.ActiveCfg = RelWithDebInfo|Win32
		{1C7B66B4-875F-31F5-9A5B-4840A9B7E049}.RelWithDebInfo|Win32.Build.0 = RelWithDebInfo|Win32
		{D7BF1D94-C866-34FD-B470-0CD4912CCF14}.Debug|Win32.ActiveCfg = Debug|Win32
		{D7BF1D94-C866-34FD-B470-0CD4912CCF14}.Debug|Win32.Build.0 = Debug|Win32
		{D7BF1D94-C866-34FD-B470-0CD4912CCF14}.MinSizeRel|Win32.ActiveCfg = MinSizeRel|Win32
		{D7BF1D94-C866-34FD-B470-0CD4912CCF14}.MinSizeRel|Win32.Build.0 = MinSizeRel|Win32
		{D7BF1D94-C866-34FD-B470-0CD4912CCF14}.Release|Win32.ActiveCfg = Release|Win32
		{D7BF1D94-C866-34FD-B470-0CD4912CCF14}.Release|Win32.Build.0 = Release|Win32
		{D7BF1D94-C866-34FD-B470-0CD4912CCF14}.RelWithDebInfo|Win32.ActiveCfg = RelWithDebInfo|Win32
		{D7BF1D94-C866-34FD-B470-0CD4912CCF14}.RelWithDebInfo|Win32.Build.0 = RelWithDebInfo|Win32
		{FB029E33-8ED0-3E29-81CA-86D0CDE57F61}.Debug|Win32.ActiveCfg = Debug|Win32
		{FB029E33-8ED0-3E29-81CA-86D0CDE57F61}.Debug|Win32.Build.0 = Debug|Win32
		{FB029E33-8ED0-3E29-81CA-86D0CDE57F61}.MinSizeRel|Win32.ActiveCfg = MinSizeRel|Win32
		{FB029E33-8ED0-3E29-81CA-86D0CDE57F61}.MinSizeRel|Win32.Build.0 = MinSizeRel|Win32
		{FB029E33-8ED0-3E29-81CA-86D0CDE57F61}.Release|Win32.ActiveCfg = Release|Win32
		{FB029E33-8ED0-3E29-81CA-86D0CDE57F61}.Release|Win32.Build.0 = Release|Win32
		{FB029E33-8ED0-3E29-81CA-86D0CDE57F61}.RelWithDebInfo|Win32.ActiveCfg = RelWithDebInfo|Win32
		{FB029E33-8ED0-3E29-81CA-86D0CDE57F61}.RelWithDebInfo|Win32.Build.0 = RelWithDebInfo|Win32
		{BC6A25E9-9B48-35CA-8D8B-1397CAF37E1A}.Debug|Win32.ActiveCfg = Debug|Win32
		{BC6A25E9-9B48-35CA-8D8B-1397CAF37E1A}.Debug|Win32.Build.0 = Debug|Win32
		{BC6A25E9-9B48-35CA-8D8B-1397CAF37E1A}.MinSizeRel|Win32.ActiveCfg = MinSizeRel|Win32
		{BC6A25E9-9B48-35CA-8D8B-1397CAF37E1A}.MinSizeRel|Win32.Build.0 = MinSizeRel|Win32
		{BC6A25E9-9B48-35CA-8D8B-1397CAF37E1A}.Release|Win32.ActiveCfg = Release|Win32
		{BC6A25E9-9B48-35CA-8D8B-1397CAF37E1A}.Release|Win32.Build.0 = Release|Win32
		{BC6A25E9-9B48-35CA-8D8B-1397CAF37E1A}.RelWithDebInfo|Win32.ActiveCfg = RelWithDebInfo|Win32
		{BC6A25E9-9B48-35CA-8D8B-1397CAF37E1A}.RelWithDebInfo|Win32.Build.0 = RelWithDebInfo|Win32
		{E4E246D1-B230-492E-A03B-2C08319A511D}.Debug|Win32.ActiveCfg = Debug
		{E4E246D1-B230-492E-A03B-2C08319A511D}.MinSizeRel|Win32.ActiveCfg = Debug
		{E4E246D1-B230-492E-A03B-2C08319A511D}.Release|Win32.ActiveCfg = Release
		{E4E246D1-B230-492E-A03B-2C08319A511D}.RelWithDebInfo|Win32.ActiveCfg = Release
	EndGlobalSection
	GlobalSection(SolutionProperties) = preSolution
		HideSolutionNode = FALSE
	EndGlobalSection
	GlobalSection(NestedProjects) = preSolution
		{53CA6080-E0B9-30AA-9413-5C9F95AB8EE5} = {EE5D63C7-BEC2-3E03-A54C-F215C18B83BC}
		{F0B03C6B-AB22-3E2C-80DE-AEFF86899802} = {10F1BCA7-1E92-3C4B-BC26-7825853F4945}
		{06E49E6E-94C4-3523-A3A9-7DFC892F3695} = {EE5D63C7-BEC2-3E03-A54C-F215C18B83BC}
		{D59FBA30-C6C5-3BF1-A465-843FA9F1BE47} = {6E0D77CB-5473-3CD4-89FB-628BDEFA716F}
		{11C66532-69AA-3B61-BC04-320E15D0AF42} = {4AF1677C-940F-33FD-8478-09FAACC47962}
		{0BC54273-2DB5-3748-B89D-675F1D957E9C} = {4AF1677C-940F-33FD-8478-09FAACC47962}
		{49B198AE-633F-3DFD-B8EA-1D63FF6C874B} = {4AF1677C-940F-33FD-8478-09FAACC47962}
		{F14D60AC-B3FD-3BBF-925C-366C73CA6667} = {4AF1677C-940F-33FD-8478-09FAACC47962}
		{EC4D3986-D5B6-31A5-8C33-B3954D2DDB5E} = {4AF1677C-940F-33FD-8478-09FAACC47962}
		{9F00401A-8941-3490-A5DF-194BC5E9B757} = {4AF1677C-940F-33FD-8478-09FAACC47962}
		{5D0998D1-D3BD-39B3-ADDB-C3259BD65EAC} = {4AF1677C-940F-33FD-8478-09FAACC47962}
		{1C7B66B4-875F-31F5-9A5B-4840A9B7E049} = {4AF1677C-940F-33FD-8478-09FAACC47962}
		{D7BF1D94-C866-34FD-B470-0CD4912CCF14} = {4AF1677C-940F-33FD-8478-09FAACC47962}
		{FB029E33-8ED0-3E29-81CA-86D0CDE57F61} = {4AF1677C-940F-33FD-8478-09FAACC47962}
		{BC6A25E9-9B48-35CA-8D8B-1397CAF37E1A} = {4AF1677C-940F-33FD-8478-09FAACC47962}
	EndGlobalSection
	GlobalSection(ExtensibilityGlobals) = postSolution
		SolutionGuid = {5C26B46F-1D22-32B5-9A99-04D75E88BB7D}
	EndGlobalSection
EndGlobal
